// !$*UTF8*$!
{
	archiveVersion = 1;
	classes = {
	};
	objectVersion = 77;
	objects = {

/* Begin PBXBuildFile section */
		BB1B331A2D5500D300300679 /* README.md in Resources */ = {isa = PBXBuildFile; fileRef = BB1B33192D5500D300300679 /* README.md */; };
		BB1B331E2D550FF700300679 /* Pentatonic-Bricks_GitHub_info.pdf in Resources */ = {isa = PBXBuildFile; fileRef = BB1B331D2D550FF700300679 /* Pentatonic-Bricks_GitHub_info.pdf */; };
		BB284B112D37CDF60040FF34 /* SoundpipeAudioKit in Frameworks */ = {isa = PBXBuildFile; productRef = BB284B102D37CDF60040FF34 /* SoundpipeAudioKit */; };
		BB284B142D37CE270040FF34 /* DunneAudioKit in Frameworks */ = {isa = PBXBuildFile; productRef = BB284B132D37CE270040FF34 /* DunneAudioKit */; };
		BB284B372D382E4D0040FF34 /* Controls in Frameworks */ = {isa = PBXBuildFile; productRef = BB284B362D382E4D0040FF34 /* Controls */; };
/* End PBXBuildFile section */

/* Begin PBXFileReference section */
		BB1B33192D5500D300300679 /* README.md */ = {isa = PBXFileReference; lastKnownFileType = net.daringfireball.markdown; path = README.md; sourceTree = "<group>"; };
		BB1B331D2D550FF700300679 /* Pentatonic-Bricks_GitHub_info.pdf */ = {isa = PBXFileReference; lastKnownFileType = image.pdf; path = "Pentatonic-Bricks_GitHub_info.pdf"; sourceTree = "<group>"; };
		BB284ADF2D37CCC70040FF34 /* Pentatonic-Bricks.app */ = {isa = PBXFileReference; explicitFileType = wrapper.application; includeInIndex = 0; path = "Pentatonic-Bricks.app"; sourceTree = BUILT_PRODUCTS_DIR; };
/* End PBXFileReference section */

/* Begin PBXFileSystemSynchronizedRootGroup section */
		BB284AE12D37CCC70040FF34 /* Pentatonic-Bricks */ = {
			isa = PBXFileSystemSynchronizedRootGroup;
			path = "Pentatonic-Bricks";
			sourceTree = "<group>";
		};
/* End PBXFileSystemSynchronizedRootGroup section */

/* Begin PBXFrameworksBuildPhase section */
		BB284ADC2D37CCC70040FF34 /* Frameworks */ = {
			isa = PBXFrameworksBuildPhase;
			buildActionMask = 2147483647;
			files = (
				BB284B112D37CDF60040FF34 /* SoundpipeAudioKit in Frameworks */,
				BB284B372D382E4D0040FF34 /* Controls in Frameworks */,
				BB284B142D37CE270040FF34 /* DunneAudioKit in Frameworks */,
			);
			runOnlyForDeploymentPostprocessing = 0;
		};
/* End PBXFrameworksBuildPhase section */

/* Begin PBXGroup section */
		BB284AD62D37CCC70040FF34 = {
			isa = PBXGroup;
			children = (
				BB1B331D2D550FF700300679 /* Pentatonic-Bricks_GitHub_info.pdf */,
				BB1B33192D5500D300300679 /* README.md */,
				BB284AE12D37CCC70040FF34 /* Pentatonic-Bricks */,
				BB284AE02D37CCC70040FF34 /* Products */,
			);
			sourceTree = "<group>";
		};
		BB284AE02D37CCC70040FF34 /* Products */ = {
			isa = PBXGroup;
			children = (
				BB284ADF2D37CCC70040FF34 /* Pentatonic-Bricks.app */,
			);
			name = Products;
			sourceTree = "<group>";
		};
/* End PBXGroup section */

/* Begin PBXNativeTarget section */
		BB284ADE2D37CCC70040FF34 /* Pentatonic-Bricks */ = {
			isa = PBXNativeTarget;
			buildConfigurationList = BB284AED2D37CCC90040FF34 /* Build configuration list for PBXNativeTarget "Pentatonic-Bricks" */;
			buildPhases = (
				BB284ADB2D37CCC70040FF34 /* Sources */,
				BB284ADC2D37CCC70040FF34 /* Frameworks */,
				BB284ADD2D37CCC70040FF34 /* Resources */,
			);
			buildRules = (
			);
			dependencies = (
			);
			fileSystemSynchronizedGroups = (
				BB284AE12D37CCC70040FF34 /* Pentatonic-Bricks */,
			);
			name = "Pentatonic-Bricks";
			packageProductDependencies = (
				BB284B102D37CDF60040FF34 /* SoundpipeAudioKit */,
				BB284B132D37CE270040FF34 /* DunneAudioKit */,
				BB284B362D382E4D0040FF34 /* Controls */,
			);
			productName = "Pentatonic-Bricks";
			productReference = BB284ADF2D37CCC70040FF34 /* Pentatonic-Bricks.app */;
			productType = "com.apple.product-type.application";
		};
/* End PBXNativeTarget section */

/* Begin PBXProject section */
		BB284AD72D37CCC70040FF34 /* Project object */ = {
			isa = PBXProject;
			attributes = {
				BuildIndependentTargetsInParallel = 1;
				LastSwiftUpdateCheck = 1620;
				LastUpgradeCheck = 1620;
				TargetAttributes = {
					BB284ADE2D37CCC70040FF34 = {
						CreatedOnToolsVersion = 16.2;
					};
				};
			};
			buildConfigurationList = BB284ADA2D37CCC70040FF34 /* Build configuration list for PBXProject "Pentatonic-Bricks" */;
			developmentRegion = en;
			hasScannedForEncodings = 0;
			knownRegions = (
				en,
				Base,
			);
			mainGroup = BB284AD62D37CCC70040FF34;
			minimizedProjectReferenceProxies = 1;
			packageReferences = (
				BB284B0F2D37CDF60040FF34 /* XCRemoteSwiftPackageReference "SoundpipeAudioKit" */,
				BB284B122D37CE270040FF34 /* XCRemoteSwiftPackageReference "DunneAudioKit" */,
				BB284B352D382E4D0040FF34 /* XCRemoteSwiftPackageReference "Controls" */,
			);
			preferredProjectObjectVersion = 77;
			productRefGroup = BB284AE02D37CCC70040FF34 /* Products */;
			projectDirPath = "";
			projectRoot = "";
			targets = (
				BB284ADE2D37CCC70040FF34 /* Pentatonic-Bricks */,
			);
		};
/* End PBXProject section */

/* Begin PBXResourcesBuildPhase section */
		BB284ADD2D37CCC70040FF34 /* Resources */ = {
			isa = PBXResourcesBuildPhase;
			buildActionMask = 2147483647;
			files = (
				BB1B331E2D550FF700300679 /* Pentatonic-Bricks_GitHub_info.pdf in Resources */,
				BB1B331A2D5500D300300679 /* README.md in Resources */,
			);
			runOnlyForDeploymentPostprocessing = 0;
		};
/* End PBXResourcesBuildPhase section */

/* Begin PBXSourcesBuildPhase section */
		BB284ADB2D37CCC70040FF34 /* Sources */ = {
			isa = PBXSourcesBuildPhase;
			buildActionMask = 2147483647;
			files = (
			);
			runOnlyForDeploymentPostprocessing = 0;
		};
/* End PBXSourcesBuildPhase section */

/* Begin XCBuildConfiguration section */
		BB284AEB2D37CCC90040FF34 /* Debug */ = {
			isa = XCBuildConfiguration;
			buildSettings = {
				ALWAYS_SEARCH_USER_PATHS = NO;
				ASSETCATALOG_COMPILER_GENERATE_SWIFT_ASSET_SYMBOL_EXTENSIONS = YES;
				CLANG_ANALYZER_NONNULL = YES;
				CLANG_ANALYZER_NUMBER_OBJECT_CONVERSION = YES_AGGRESSIVE;
				CLANG_CXX_LANGUAGE_STANDARD = "gnu++20";
				CLANG_ENABLE_MODULES = YES;
				CLANG_ENABLE_OBJC_ARC = YES;
				CLANG_ENABLE_OBJC_WEAK = YES;
				CLANG_WARN_BLOCK_CAPTURE_AUTORELEASING = YES;
				CLANG_WARN_BOOL_CONVERSION = YES;
				CLANG_WARN_COMMA = YES;
				CLANG_WARN_CONSTANT_CONVERSION = YES;
				CLANG_WARN_DEPRECATED_OBJC_IMPLEMENTATIONS = YES;
				CLANG_WARN_DIRECT_OBJC_ISA_USAGE = YES_ERROR;
				CLANG_WARN_DOCUMENTATION_COMMENTS = YES;
				CLANG_WARN_EMPTY_BODY = YES;
				CLANG_WARN_ENUM_CONVERSION = YES;
				CLANG_WARN_INFINITE_RECURSION = YES;
				CLANG_WARN_INT_CONVERSION = YES;
				CLANG_WARN_NON_LITERAL_NULL_CONVERSION = YES;
				CLANG_WARN_OBJC_IMPLICIT_RETAIN_SELF = YES;
				CLANG_WARN_OBJC_LITERAL_CONVERSION = YES;
				CLANG_WARN_OBJC_ROOT_CLASS = YES_ERROR;
				CLANG_WARN_QUOTED_INCLUDE_IN_FRAMEWORK_HEADER = YES;
				CLANG_WARN_RANGE_LOOP_ANALYSIS = YES;
				CLANG_WARN_STRICT_PROTOTYPES = YES;
				CLANG_WARN_SUSPICIOUS_MOVE = YES;
				CLANG_WARN_UNGUARDED_AVAILABILITY = YES_AGGRESSIVE;
				CLANG_WARN_UNREACHABLE_CODE = YES;
				CLANG_WARN__DUPLICATE_METHOD_MATCH = YES;
				COPY_PHASE_STRIP = NO;
				DEBUG_INFORMATION_FORMAT = dwarf;
				ENABLE_STRICT_OBJC_MSGSEND = YES;
				ENABLE_TESTABILITY = YES;
				ENABLE_USER_SCRIPT_SANDBOXING = YES;
				GCC_C_LANGUAGE_STANDARD = gnu17;
				GCC_DYNAMIC_NO_PIC = NO;
				GCC_NO_COMMON_BLOCKS = YES;
				GCC_OPTIMIZATION_LEVEL = 0;
				GCC_PREPROCESSOR_DEFINITIONS = (
					"DEBUG=1",
					"$(inherited)",
				);
				GCC_WARN_64_TO_32_BIT_CONVERSION = YES;
				GCC_WARN_ABOUT_RETURN_TYPE = YES_ERROR;
				GCC_WARN_UNDECLARED_SELECTOR = YES;
				GCC_WARN_UNINITIALIZED_AUTOS = YES_AGGRESSIVE;
				GCC_WARN_UNUSED_FUNCTION = YES;
				GCC_WARN_UNUSED_VARIABLE = YES;
				IPHONEOS_DEPLOYMENT_TARGET = 18.2;
				LOCALIZATION_PREFERS_STRING_CATALOGS = YES;
				MTL_ENABLE_DEBUG_INFO = INCLUDE_SOURCE;
				MTL_FAST_MATH = YES;
				ONLY_ACTIVE_ARCH = YES;
				SDKROOT = iphoneos;
				SWIFT_ACTIVE_COMPILATION_CONDITIONS = "DEBUG $(inherited)";
				SWIFT_OPTIMIZATION_LEVEL = "-Onone";
			};
			name = Debug;
		};
		BB284AEC2D37CCC90040FF34 /* Release */ = {
			isa = XCBuildConfiguration;
			buildSettings = {
				ALWAYS_SEARCH_USER_PATHS = NO;
				ASSETCATALOG_COMPILER_GENERATE_SWIFT_ASSET_SYMBOL_EXTENSIONS = YES;
				CLANG_ANALYZER_NONNULL = YES;
				CLANG_ANALYZER_NUMBER_OBJECT_CONVERSION = YES_AGGRESSIVE;
				CLANG_CXX_LANGUAGE_STANDARD = "gnu++20";
				CLANG_ENABLE_MODULES = YES;
				CLANG_ENABLE_OBJC_ARC = YES;
				CLANG_ENABLE_OBJC_WEAK = YES;
				CLANG_WARN_BLOCK_CAPTURE_AUTORELEASING = YES;
				CLANG_WARN_BOOL_CONVERSION = YES;
				CLANG_WARN_COMMA = YES;
				CLANG_WARN_CONSTANT_CONVERSION = YES;
				CLANG_WARN_DEPRECATED_OBJC_IMPLEMENTATIONS = YES;
				CLANG_WARN_DIRECT_OBJC_ISA_USAGE = YES_ERROR;
				CLANG_WARN_DOCUMENTATION_COMMENTS = YES;
				CLANG_WARN_EMPTY_BODY = YES;
				CLANG_WARN_ENUM_CONVERSION = YES;
				CLANG_WARN_INFINITE_RECURSION = YES;
				CLANG_WARN_INT_CONVERSION = YES;
				CLANG_WARN_NON_LITERAL_NULL_CONVERSION = YES;
				CLANG_WARN_OBJC_IMPLICIT_RETAIN_SELF = YES;
				CLANG_WARN_OBJC_LITERAL_CONVERSION = YES;
				CLANG_WARN_OBJC_ROOT_CLASS = YES_ERROR;
				CLANG_WARN_QUOTED_INCLUDE_IN_FRAMEWORK_HEADER = YES;
				CLANG_WARN_RANGE_LOOP_ANALYSIS = YES;
				CLANG_WARN_STRICT_PROTOTYPES = YES;
				CLANG_WARN_SUSPICIOUS_MOVE = YES;
				CLANG_WARN_UNGUARDED_AVAILABILITY = YES_AGGRESSIVE;
				CLANG_WARN_UNREACHABLE_CODE = YES;
				CLANG_WARN__DUPLICATE_METHOD_MATCH = YES;
				COPY_PHASE_STRIP = NO;
				DEBUG_INFORMATION_FORMAT = "dwarf-with-dsym";
				ENABLE_NS_ASSERTIONS = NO;
				ENABLE_STRICT_OBJC_MSGSEND = YES;
				ENABLE_USER_SCRIPT_SANDBOXING = YES;
				GCC_C_LANGUAGE_STANDARD = gnu17;
				GCC_NO_COMMON_BLOCKS = YES;
				GCC_WARN_64_TO_32_BIT_CONVERSION = YES;
				GCC_WARN_ABOUT_RETURN_TYPE = YES_ERROR;
				GCC_WARN_UNDECLARED_SELECTOR = YES;
				GCC_WARN_UNINITIALIZED_AUTOS = YES_AGGRESSIVE;
				GCC_WARN_UNUSED_FUNCTION = YES;
				GCC_WARN_UNUSED_VARIABLE = YES;
				IPHONEOS_DEPLOYMENT_TARGET = 18.2;
				LOCALIZATION_PREFERS_STRING_CATALOGS = YES;
				MTL_ENABLE_DEBUG_INFO = NO;
				MTL_FAST_MATH = YES;
				SDKROOT = iphoneos;
				SWIFT_COMPILATION_MODE = wholemodule;
				VALIDATE_PRODUCT = YES;
			};
			name = Release;
		};
		BB284AEE2D37CCC90040FF34 /* Debug */ = {
			isa = XCBuildConfiguration;
			buildSettings = {
				ASSETCATALOG_COMPILER_APPICON_NAME = AppIcon;
				ASSETCATALOG_COMPILER_GLOBAL_ACCENT_COLOR_NAME = AccentColor;
				CODE_SIGN_STYLE = Automatic;
				CURRENT_PROJECT_VERSION = 1;
				DEVELOPMENT_ASSET_PATHS = "\"Pentatonic-Bricks/Preview Content\"";
				DEVELOPMENT_TEAM = 6JFBG5C3PM;
				ENABLE_PREVIEWS = YES;
				GENERATE_INFOPLIST_FILE = YES;
				INFOPLIST_KEY_UIApplicationSceneManifest_Generation = YES;
				INFOPLIST_KEY_UIApplicationSupportsIndirectInputEvents = YES;
				INFOPLIST_KEY_UILaunchScreen_Generation = YES;
				INFOPLIST_KEY_UILaunchStoryboardName = LoadingScreen.swift;
				INFOPLIST_KEY_UIRequiresFullScreen = YES;
				INFOPLIST_KEY_UISupportedInterfaceOrientations = UIInterfaceOrientationPortrait;
				IPHONEOS_DEPLOYMENT_TARGET = 16.4;
				LD_RUNPATH_SEARCH_PATHS = (
					"$(inherited)",
					"@executable_path/Frameworks",
				);
				MARKETING_VERSION = 1.0;
				PRODUCT_BUNDLE_IDENTIFIER = "Aidan.Pentatonic-Bricks";
				PRODUCT_NAME = "$(TARGET_NAME)";
				SWIFT_EMIT_LOC_STRINGS = YES;
				SWIFT_VERSION = 5.0;
				TARGETED_DEVICE_FAMILY = "1,2";
			};
			name = Debug;
		};
		BB284AEF2D37CCC90040FF34 /* Release */ = {
			isa = XCBuildConfiguration;
			buildSettings = {
				ASSETCATALOG_COMPILER_APPICON_NAME = AppIcon;
				ASSETCATALOG_COMPILER_GLOBAL_ACCENT_COLOR_NAME = AccentColor;
				CODE_SIGN_STYLE = Automatic;
				CURRENT_PROJECT_VERSION = 1;
				DEVELOPMENT_ASSET_PATHS = "\"Pentatonic-Bricks/Preview Content\"";
				DEVELOPMENT_TEAM = 6JFBG5C3PM;
				ENABLE_PREVIEWS = YES;
				GENERATE_INFOPLIST_FILE = YES;
				INFOPLIST_KEY_UIApplicationSceneManifest_Generation = YES;
				INFOPLIST_KEY_UIApplicationSupportsIndirectInputEvents = YES;
				INFOPLIST_KEY_UILaunchScreen_Generation = YES;
				INFOPLIST_KEY_UILaunchStoryboardName = LoadingScreen.swift;
				INFOPLIST_KEY_UIRequiresFullScreen = YES;
				INFOPLIST_KEY_UISupportedInterfaceOrientations = UIInterfaceOrientationPortrait;
				IPHONEOS_DEPLOYMENT_TARGET = 16.4;
				LD_RUNPATH_SEARCH_PATHS = (
					"$(inherited)",
					"@executable_path/Frameworks",
				);
				MARKETING_VERSION = 1.0;
				PRODUCT_BUNDLE_IDENTIFIER = "Aidan.Pentatonic-Bricks";
				PRODUCT_NAME = "$(TARGET_NAME)";
				SWIFT_EMIT_LOC_STRINGS = YES;
				SWIFT_VERSION = 5.0;
				TARGETED_DEVICE_FAMILY = "1,2";
			};
			name = Release;
		};
/* End XCBuildConfiguration section */

/* Begin XCConfigurationList section */
		BB284ADA2D37CCC70040FF34 /* Build configuration list for PBXProject "Pentatonic-Bricks" */ = {
			isa = XCConfigurationList;
			buildConfigurations = (
				BB284AEB2D37CCC90040FF34 /* Debug */,
				BB284AEC2D37CCC90040FF34 /* Release */,
			);
			defaultConfigurationIsVisible = 0;
			defaultConfigurationName = Release;
		};
		BB284AED2D37CCC90040FF34 /* Build configuration list for PBXNativeTarget "Pentatonic-Bricks" */ = {
			isa = XCConfigurationList;
			buildConfigurations = (
				BB284AEE2D37CCC90040FF34 /* Debug */,
				BB284AEF2D37CCC90040FF34 /* Release */,
			);
			defaultConfigurationIsVisible = 0;
			defaultConfigurationName = Release;
		};
/* End XCConfigurationList section */

/* Begin XCRemoteSwiftPackageReference section */
		BB284B0F2D37CDF60040FF34 /* XCRemoteSwiftPackageReference "SoundpipeAudioKit" */ = {
			isa = XCRemoteSwiftPackageReference;
			repositoryURL = "https://github.com/AudioKit/SoundpipeAudioKit";
			requirement = {
				kind = upToNextMajorVersion;
				minimumVersion = 5.6.1;
			};
		};
		BB284B122D37CE270040FF34 /* XCRemoteSwiftPackageReference "DunneAudioKit" */ = {
			isa = XCRemoteSwiftPackageReference;
			repositoryURL = "https://github.com/AudioKit/DunneAudioKit";
			requirement = {
				kind = upToNextMajorVersion;
				minimumVersion = 5.6.1;
			};
		};
		BB284B352D382E4D0040FF34 /* XCRemoteSwiftPackageReference "Controls" */ = {
			isa = XCRemoteSwiftPackageReference;
			repositoryURL = "https://github.com/AudioKit/Controls";
			requirement = {
				kind = upToNextMajorVersion;
				minimumVersion = 1.1.4;
			};
		};
/* End XCRemoteSwiftPackageReference section */

/* Begin XCSwiftPackageProductDependency section */
		BB284B102D37CDF60040FF34 /* SoundpipeAudioKit */ = {
			isa = XCSwiftPackageProductDependency;
			package = BB284B0F2D37CDF60040FF34 /* XCRemoteSwiftPackageReference "SoundpipeAudioKit" */;
			productName = SoundpipeAudioKit;
		};
		BB284B132D37CE270040FF34 /* DunneAudioKit */ = {
			isa = XCSwiftPackageProductDependency;
			package = BB284B122D37CE270040FF34 /* XCRemoteSwiftPackageReference "DunneAudioKit" */;
			productName = DunneAudioKit;
		};
		BB284B362D382E4D0040FF34 /* Controls */ = {
			isa = XCSwiftPackageProductDependency;
			package = BB284B352D382E4D0040FF34 /* XCRemoteSwiftPackageReference "Controls" */;
			productName = Controls;
		};
/* End XCSwiftPackageProductDependency section */
	};
	rootObject = BB284AD72D37CCC70040FF34 /* Project object */;
}
